
Microsoft Visual Studio Solution File, Format Version 12.00
# Visual Studio Version 17
VisualStudioVersion = 17.5.33530.505
MinimumVisualStudioVersion = 10.0.40219.1
Project("{FAE04EC0-301F-11D3-BF4B-00C04F79EFBC}") = "Day14", "Day14\Day14.csproj", "{65185A51-1C32-4AE7-BA32-FDCACD9FB905}"
EndProject
Global
	GlobalSection(SolutionConfigurationPlatforms) = preSolution
		Debug|Any CPU = Debug|Any CPU
		Release|Any CPU = Release|Any CPU
	EndGlobalSection
	GlobalSection(ProjectConfigurationPlatforms) = postSolution
		{65185A51-1C32-4AE7-BA32-FDCACD9FB905}.Debug|Any CPU.ActiveCfg = Debug|Any CPU
		{65185A51-1C32-4AE7-BA32-FDCACD9FB905}.Debug|Any CPU.Build.0 = Debug|Any CPU
		{65185A51-1C32-4AE7-BA32-FDCACD9FB905}.Release|Any CPU.ActiveCfg = Release|Any CPU
		{65185A51-1C32-4AE7-BA32-FDCACD9FB905}.Release|Any CPU.Build.0 = Release|Any CPU
	EndGlobalSection
	GlobalSection(SolutionProperties) = preSolution
		HideSolutionNode = FALSE
	EndGlobalSection
	GlobalSection(ExtensibilityGlobals) = postSolution
		SolutionGuid = {AA61A134-AE31-4738-A248-6F1A065EC1C3}
	EndGlobalSection
EndGlobal
